<?xml version="1.0" encoding="utf-8"?>
<Project ToolsVersion="4.0" xmlns="http://schemas.microsoft.com/developer/msbuild/2003">
  <ItemGroup>
    <Filter Include="Source Files">
      <UniqueIdentifier>{4FC737F1-C7A5-4376-A066-2A32D752A2FF}</UniqueIdentifier>
      <Extensions>cpp;c;cc;cxx;def;odl;idl;hpj;bat;asm;asmx</Extensions>
    </Filter>
    <Filter Include="Header Files">
      <UniqueIdentifier>{93995380-89BD-4b04-88EB-625FBE52EBFB}</UniqueIdentifier>
      <Extensions>h;hpp;hxx;hm;inl;inc;xsd</Extensions>
    </Filter>
    <Filter Include="Resource Files">
      <UniqueIdentifier>{67DA6AB6-F800-4c08-8B7A-83BB121AAD01}</UniqueIdentifier>
      <Extensions>rc;ico;cur;bmp;dlg;rc2;rct;bin;rgs;gif;jpg;jpeg;jpe;resx;tiff;tif;png;wav;mfcribbon-ms</Extensions>
    </Filter>
  </ItemGroup>
  <ItemGroup>
    <ClCompile Include="..\waveswaves.cpp">
      <Filter>Source Files</Filter>
    </ClCompile>
    <ClCompile Include="..\pulsezip.cpp">
      <Filter>Source Files</Filter>
    </ClCompile>
    <ClCompile Include="..\pulsewritewaves_raw.cpp">
      <Filter>Source Files</Filter>
    </ClCompile>
    <ClCompile Include="..\pulsewritewaves_compressed.cpp">
      <Filter>Source Files</Filter>
    </ClCompile>
    <ClCompile Include="..\pulsewritewaves.cpp">
      <Filter>Source Files</Filter>
    </ClCompile>
    <ClCompile Include="..\pulsewriter_txt.cpp">
      <Filter>Source Files</Filter>
    </ClCompile>
    <ClCompile Include="..\pulsewriter_pls.cpp">
      <Filter>Source Files</Filter>
    </ClCompile>
    <ClCompile Include="..\pulsewriter.cpp">
      <Filter>Source Files</Filter>
    </ClCompile>
    <ClCompile Include="..\pulsewritepulse.cpp">
      <Filter>Source Files</Filter>
    </ClCompile>
    <ClCompile Include="..\pulsewriteitemcompressed_v1.cpp">
      <Filter>Source Files</Filter>
    </ClCompile>
    <ClCompile Include="..\pulsevlrs.cpp">
      <Filter>Source Files</Filter>
    </ClCompile>
    <ClCompile Include="..\pulseutility.cpp">
      <Filter>Source Files</Filter>
    </ClCompile>
    <ClCompile Include="..\pulsetransform.cpp">
      <Filter>Source Files</Filter>
    </ClCompile>
    <ClCompile Include="..\pulsereadwaves_raw.cpp">
      <Filter>Source Files</Filter>
    </ClCompile>
    <ClCompile Include="..\pulsereadwaves_compressed.cpp">
      <Filter>Source Files</Filter>
    </ClCompile>
    <ClCompile Include="..\pulsereadpulse.cpp">
      <Filter>Source Files</Filter>
    </ClCompile>
    <ClCompile Include="..\pulsereaditemcompressed_v1.cpp">
      <Filter>Source Files</Filter>
    </ClCompile>
    <ClCompile Include="..\pulsereadermerged.cpp">
      <Filter>Source Files</Filter>
    </ClCompile>
    <ClCompile Include="..\pulsereader_pls.cpp">
      <Filter>Source Files</Filter>
    </ClCompile>
    <ClCompile Include="..\pulsereader_lgw.cpp">
      <Filter>Source Files</Filter>
    </ClCompile>
    <ClCompile Include="..\pulsereader_las.cpp">
      <Filter>Source Files</Filter>
    </ClCompile>
    <ClCompile Include="..\pulsereader_gcw.cpp">
      <Filter>Source Files</Filter>
    </ClCompile>
    <ClCompile Include="..\pulsereader.cpp">
      <Filter>Source Files</Filter>
    </ClCompile>
    <ClCompile Include="..\pulsepulse.cpp">
      <Filter>Source Files</Filter>
    </ClCompile>
    <ClCompile Include="..\pulseheader.cpp">
      <Filter>Source Files</Filter>
    </ClCompile>
    <ClCompile Include="..\pulsefilter.cpp">
      <Filter>Source Files</Filter>
    </ClCompile>
    <ClCompile Include="..\pulsedescriptor.cpp">
      <Filter>Source Files</Filter>
    </ClCompile>
    <ClCompile Include="..\integercompressor.cpp">
      <Filter>Source Files</Filter>
    </ClCompile>
    <ClCompile Include="..\arithmeticmodel.cpp">
      <Filter>Source Files</Filter>
    </ClCompile>
    <ClCompile Include="..\arithmeticencoder.cpp">
      <Filter>Source Files</Filter>
    </ClCompile>
    <ClCompile Include="..\arithmeticdecoder.cpp">
      <Filter>Source Files</Filter>
    </ClCompile>
  </ItemGroup>
  <ItemGroup>
    <ClInclude Include="..\pulseziphelper.hpp">
      <Filter>Header Files</Filter>
    </ClInclude>
    <ClInclude Include="..\pulsewritewaves_raw.hpp">
      <Filter>Header Files</Filter>
    </ClInclude>
    <ClInclude Include="..\pulsewritewaves_compressed.hpp">
      <Filter>Header Files</Filter>
    </ClInclude>
    <ClInclude Include="..\pulsewritewaves.hpp">
      <Filter>Header Files</Filter>
    </ClInclude>
    <ClInclude Include="..\pulsewritepulse.hpp">
      <Filter>Header Files</Filter>
    </ClInclude>
    <ClInclude Include="..\pulsewriteitemraw.hpp">
      <Filter>Header Files</Filter>
    </ClInclude>
    <ClInclude Include="..\pulsewriteitemcompressed_v1.hpp">
      <Filter>Header Files</Filter>
    </ClInclude>
    <ClInclude Include="..\pulsewriteitem.hpp">
      <Filter>Header Files</Filter>
    </ClInclude>
    <ClInclude Include="..\pulsereadwaves_raw.hpp">
      <Filter>Header Files</Filter>
    </ClInclude>
    <ClInclude Include="..\pulsereadwaves_compressed.hpp">
      <Filter>Header Files</Filter>
    </ClInclude>
    <ClInclude Include="..\pulsereadwaves.hpp">
      <Filter>Header Files</Filter>
    </ClInclude>
    <ClInclude Include="..\pulsereadpulse.hpp">
      <Filter>Header Files</Filter>
    </ClInclude>
    <ClInclude Include="..\pulsereaditemraw.hpp">
      <Filter>Header Files</Filter>
    </ClInclude>
    <ClInclude Include="..\pulsereaditemcompressed_v1.hpp">
      <Filter>Header Files</Filter>
    </ClInclude>
    <ClInclude Include="..\pulsereaditem.hpp">
      <Filter>Header Files</Filter>
    </ClInclude>
    <ClInclude Include="..\integercompressor.hpp">
      <Filter>Header Files</Filter>
    </ClInclude>
    <ClInclude Include="..\entropyencoder.hpp">
      <Filter>Header Files</Filter>
    </ClInclude>
    <ClInclude Include="..\entropydecoder.hpp">
      <Filter>Header Files</Filter>
    </ClInclude>
    <ClInclude Include="..\bytestreamout_ostream.hpp">
      <Filter>Header Files</Filter>
    </ClInclude>
    <ClInclude Include="..\bytestreamout_nil.hpp">
      <Filter>Header Files</Filter>
    </ClInclude>
    <ClInclude Include="..\bytestreamout_file.hpp">
      <Filter>Header Files</Filter>
    </ClInclude>
    <ClInclude Include="..\bytestreamout_array.hpp">
      <Filter>Header Files</Filter>
    </ClInclude>
    <ClInclude Include="..\bytestreamout.hpp">
      <Filter>Header Files</Filter>
    </ClInclude>
    <ClInclude Include="..\bytestreamin_istream.hpp">
      <Filter>Header Files</Filter>
    </ClInclude>
    <ClInclude Include="..\bytestreamin_file.hpp">
      <Filter>Header Files</Filter>
    </ClInclude>
    <ClInclude Include="..\bytestreamin_array.hpp">
      <Filter>Header Files</Filter>
    </ClInclude>
    <ClInclude Include="..\bytestreamin.hpp">
      <Filter>Header Files</Filter>
    </ClInclude>
    <ClInclude Include="..\arithmeticmodel.hpp">
      <Filter>Header Files</Filter>
    </ClInclude>
    <ClInclude Include="..\arithmeticencoder.hpp">
      <Filter>Header Files</Filter>
    </ClInclude>
    <ClInclude Include="..\arithmeticdecoder.hpp">
      <Filter>Header Files</Filter>
    </ClInclude>
    <ClInclude Include="..\..\inc\mydefs.hpp">
      <Filter>Header Files</Filter>
    </ClInclude>
    <ClInclude Include="..\..\inc\pulseattributer.hpp">
      <Filter>Header Files</Filter>
    </ClInclude>
    <ClInclude Include="..\..\inc\pulsedescriptor.hpp">
      <Filter>Header Files</Filter>
    </ClInclude>
    <ClInclude Include="..\..\inc\pulseextraattribute.hpp">
      <Filter>Header Files</Filter>
    </ClInclude>
    <ClInclude Include="..\..\inc\pulsefilter.hpp">
      <Filter>Header Files</Filter>
    </ClInclude>
    <ClInclude Include="..\..\inc\pulseheader.hpp">
      <Filter>Header Files</Filter>
    </ClInclude>
    <ClInclude Include="..\..\inc\pulseitem.hpp">
      <Filter>Header Files</Filter>
    </ClInclude>
    <ClInclude Include="..\..\inc\pulsepulse.hpp">
      <Filter>Header Files</Filter>
    </ClInclude>
    <ClInclude Include="..\..\inc\pulsepulse_pls.hpp">
      <Filter>Header Files</Filter>
    </ClInclude>
    <ClInclude Include="..\..\inc\pulsequantizer.hpp">
      <Filter>Header Files</Filter>
    </ClInclude>
    <ClInclude Include="..\..\inc\pulsereader.hpp">
      <Filter>Header Files</Filter>
    </ClInclude>
    <ClInclude Include="..\..\inc\pulsereader_gcw.hpp">
      <Filter>Header Files</Filter>
    </ClInclude>
    <ClInclude Include="..\..\inc\pulsereader_las.hpp">
      <Filter>Header Files</Filter>
    </ClInclude>
    <ClInclude Include="..\..\inc\pulsereader_lgw.hpp">
      <Filter>Header Files</Filter>
    </ClInclude>
    <ClInclude Include="..\..\inc\pulsereader_pls.hpp">
      <Filter>Header Files</Filter>
    </ClInclude>
    <ClInclude Include="..\..\inc\pulsereadermerged.hpp">
      <Filter>Header Files</Filter>
    </ClInclude>
    <ClInclude Include="..\..\inc\pulsetransform.hpp">
      <Filter>Header Files</Filter>
    </ClInclude>
    <ClInclude Include="..\..\inc\pulseutility.hpp">
      <Filter>Header Files</Filter>
    </ClInclude>
    <ClInclude Include="..\..\inc\pulsevlrs.hpp">
      <Filter>Header Files</Filter>
    </ClInclude>
    <ClInclude Include="..\..\inc\pulsewaves.hpp">
      <Filter>Header Files</Filter>
    </ClInclude>
    <ClInclude Include="..\..\inc\pulsewavesdefinitions.hpp">
      <Filter>Header Files</Filter>
    </ClInclude>
    <ClInclude Include="..\..\inc\pulsewriter.hpp">
      <Filter>Header Files</Filter>
    </ClInclude>
    <ClInclude Include="..\..\inc\pulsewriter_pls.hpp">
      <Filter>Header Files</Filter>
    </ClInclude>
    <ClInclude Include="..\..\inc\pulsewriter_txt.hpp">
      <Filter>Header Files</Filter>
    </ClInclude>
    <ClInclude Include="..\..\inc\pulsezip.hpp">
      <Filter>Header Files</Filter>
    </ClInclude>
    <ClInclude Include="..\..\inc\wavesreader.hpp">
      <Filter>Header Files</Filter>
    </ClInclude>
    <ClInclude Include="..\..\inc\waveswaves.hpp">
      <Filter>Header Files</Filter>
    </ClInclude>
    <ClInclude Include="..\..\inc\waveswriter.hpp">
      <Filter>Header Files</Filter>
    </ClInclude>
    <ClInclude Include="..\..\inc\waveswriter_pls.hpp">
      <Filter>Header Files</Filter>
    </ClInclude>
  </ItemGroup>
</Project>